{
  "requires": true,
  "lockfileVersion": 1,
  "dependencies": {
    "vuejs-money": {
      "version": "1.0.6",
      "resolved": "https://registry.npmjs.org/vuejs-money/-/vuejs-money-1.0.6.tgz",
      "integrity": "sha512-I80e2+7dGyR5v1NXYJ/PBZqg5xJGJFfH5S821/Dms0mOJiAt0hWaFtjbOUO8lqdwh6qgIkSEIibzPo+WFvYLEw=="
    }
  }
}
